
Microsoft Visual Studio Solution File, Format Version 12.00
# Visual Studio Version 17
VisualStudioVersion = 17.14.36915.13 d17.14
MinimumVisualStudioVersion = 10.0.40219.1
Project("{FAE04EC0-301F-11D3-BF4B-00C04F79EFBC}") = "EF 1", "EF 1\EF 1.csproj", "{AB7DA9F0-7BD3-4333-A424-3F333CD4A7F5}"
EndProject
Global
	GlobalSection(SolutionConfigurationPlatforms) = preSolution
		Debug|Any CPU = Debug|Any CPU
		Release|Any CPU = Release|Any CPU
	EndGlobalSection
	GlobalSection(ProjectConfigurationPlatforms) = postSolution
		{AB7DA9F0-7BD3-4333-A424-3F333CD4A7F5}.Debug|Any CPU.ActiveCfg = Debug|Any CPU
		{AB7DA9F0-7BD3-4333-A424-3F333CD4A7F5}.Debug|Any CPU.Build.0 = Debug|Any CPU
		{AB7DA9F0-7BD3-4333-A424-3F333CD4A7F5}.Release|Any CPU.ActiveCfg = Release|Any CPU
		{AB7DA9F0-7BD3-4333-A424-3F333CD4A7F5}.Release|Any CPU.Build.0 = Release|Any CPU
	EndGlobalSection
	GlobalSection(SolutionProperties) = preSolution
		HideSolutionNode = FALSE
	EndGlobalSection
	GlobalSection(ExtensibilityGlobals) = postSolution
		SolutionGuid = {07F4F1FA-566E-4290-9D47-82F03D10BD7A}
	EndGlobalSection
EndGlobal
